
Microsoft Visual Studio Solution File, Format Version 12.00
# Visual Studio Version 17
VisualStudioVersion = 17.0.32014.148
MinimumVisualStudioVersion = 10.0.40219.1
Project("{9A19103F-16F7-4668-BE54-9A1E7A4F7556}") = "FamilyMan.Domain", "FamilyMan.Domain\FamilyMan.Domain.csproj", "{9F3DDB15-298B-4076-87C8-4ECA1AE5313C}"
EndProject
Project("{9A19103F-16F7-4668-BE54-9A1E7A4F7556}") = "FamilyMan.Infrastructure", "FamilyMan.Infrastructure\FamilyMan.Infrastructure.csproj", "{672F212F-6BCA-4EDE-9A48-4850EA3F488E}"
EndProject
Project("{9A19103F-16F7-4668-BE54-9A1E7A4F7556}") = "FamilyMan.API", "FamilyMan.API\FamilyMan.API.csproj", "{89A34157-EB39-4A42-8C0D-A8D83CE2E55A}"
EndProject
Project("{9A19103F-16F7-4668-BE54-9A1E7A4F7556}") = "FamilyMan.Application", "FamilyMan.Application\FamilyMan.Application.csproj", "{4B2024F1-46AD-4988-84FB-CD88DC4B8721}"
EndProject
Project("{2150E333-8FDC-42A3-9474-1A3956D46DE8}") = "Solution Items", "Solution Items", "{106EB18A-AA92-48F3-A312-9AA5D74D17C4}"
	ProjectSection(SolutionItems) = preProject
		Todo.txt = Todo.txt
	EndProjectSection
EndProject
Project("{9A19103F-16F7-4668-BE54-9A1E7A4F7556}") = "FamilyMan.API.Tests", "FamilyMan.API.Tests\FamilyMan.API.Tests.csproj", "{7C281242-2B5C-4DC2-9440-71F0FB47A2DD}"
EndProject
Project("{9A19103F-16F7-4668-BE54-9A1E7A4F7556}") = "FamilyMan.Domain.Tests", "FamilyMan.Domain.Tests\FamilyMan.Domain.Tests.csproj", "{BA5D1415-A9C3-4A1E-BE19-F780D07B3A19}"
EndProject
Global
	GlobalSection(SolutionConfigurationPlatforms) = preSolution
		Debug|Any CPU = Debug|Any CPU
		Release|Any CPU = Release|Any CPU
	EndGlobalSection
	GlobalSection(ProjectConfigurationPlatforms) = postSolution
		{9F3DDB15-298B-4076-87C8-4ECA1AE5313C}.Debug|Any CPU.ActiveCfg = Debug|Any CPU
		{9F3DDB15-298B-4076-87C8-4ECA1AE5313C}.Debug|Any CPU.Build.0 = Debug|Any CPU
		{9F3DDB15-298B-4076-87C8-4ECA1AE5313C}.Release|Any CPU.ActiveCfg = Release|Any CPU
		{9F3DDB15-298B-4076-87C8-4ECA1AE5313C}.Release|Any CPU.Build.0 = Release|Any CPU
		{672F212F-6BCA-4EDE-9A48-4850EA3F488E}.Debug|Any CPU.ActiveCfg = Debug|Any CPU
		{672F212F-6BCA-4EDE-9A48-4850EA3F488E}.Debug|Any CPU.Build.0 = Debug|Any CPU
		{672F212F-6BCA-4EDE-9A48-4850EA3F488E}.Release|Any CPU.ActiveCfg = Release|Any CPU
		{672F212F-6BCA-4EDE-9A48-4850EA3F488E}.Release|Any CPU.Build.0 = Release|Any CPU
		{89A34157-EB39-4A42-8C0D-A8D83CE2E55A}.Debug|Any CPU.ActiveCfg = Debug|Any CPU
		{89A34157-EB39-4A42-8C0D-A8D83CE2E55A}.Debug|Any CPU.Build.0 = Debug|Any CPU
		{89A34157-EB39-4A42-8C0D-A8D83CE2E55A}.Release|Any CPU.ActiveCfg = Release|Any CPU
		{89A34157-EB39-4A42-8C0D-A8D83CE2E55A}.Release|Any CPU.Build.0 = Release|Any CPU
		{4B2024F1-46AD-4988-84FB-CD88DC4B8721}.Debug|Any CPU.ActiveCfg = Debug|Any CPU
		{4B2024F1-46AD-4988-84FB-CD88DC4B8721}.Debug|Any CPU.Build.0 = Debug|Any CPU
		{4B2024F1-46AD-4988-84FB-CD88DC4B8721}.Release|Any CPU.ActiveCfg = Release|Any CPU
		{4B2024F1-46AD-4988-84FB-CD88DC4B8721}.Release|Any CPU.Build.0 = Release|Any CPU
		{7C281242-2B5C-4DC2-9440-71F0FB47A2DD}.Debug|Any CPU.ActiveCfg = Debug|Any CPU
		{7C281242-2B5C-4DC2-9440-71F0FB47A2DD}.Debug|Any CPU.Build.0 = Debug|Any CPU
		{7C281242-2B5C-4DC2-9440-71F0FB47A2DD}.Release|Any CPU.ActiveCfg = Release|Any CPU
		{7C281242-2B5C-4DC2-9440-71F0FB47A2DD}.Release|Any CPU.Build.0 = Release|Any CPU
		{BA5D1415-A9C3-4A1E-BE19-F780D07B3A19}.Debug|Any CPU.ActiveCfg = Debug|Any CPU
		{BA5D1415-A9C3-4A1E-BE19-F780D07B3A19}.Debug|Any CPU.Build.0 = Debug|Any CPU
		{BA5D1415-A9C3-4A1E-BE19-F780D07B3A19}.Release|Any CPU.ActiveCfg = Release|Any CPU
		{BA5D1415-A9C3-4A1E-BE19-F780D07B3A19}.Release|Any CPU.Build.0 = Release|Any CPU
	EndGlobalSection
	GlobalSection(SolutionProperties) = preSolution
		HideSolutionNode = FALSE
	EndGlobalSection
	GlobalSection(ExtensibilityGlobals) = postSolution
		SolutionGuid = {527B7E49-3383-4428-B94B-988A14BD323E}
	EndGlobalSection
EndGlobal
